
Microsoft Visual Studio Solution File, Format Version 12.00
# Visual Studio Version 17
VisualStudioVersion = 17.7.34202.233
MinimumVisualStudioVersion = 10.0.40219.1
Project("{FAE04EC0-301F-11D3-BF4B-00C04F79EFBC}") = "WpfApp1", "WpfApp1\WpfApp1.csproj", "{2C90CF0E-963C-4B85-AA0A-0A4890C1493D}"
EndProject
Global
	GlobalSection(SolutionConfigurationPlatforms) = preSolution
		Debug|Any CPU = Debug|Any CPU
		Release|Any CPU = Release|Any CPU
	EndGlobalSection
	GlobalSection(ProjectConfigurationPlatforms) = postSolution
		{2C90CF0E-963C-4B85-AA0A-0A4890C1493D}.Debug|Any CPU.ActiveCfg = Debug|Any CPU
		{2C90CF0E-963C-4B85-AA0A-0A4890C1493D}.Debug|Any CPU.Build.0 = Debug|Any CPU
		{2C90CF0E-963C-4B85-AA0A-0A4890C1493D}.Release|Any CPU.ActiveCfg = Release|Any CPU
		{2C90CF0E-963C-4B85-AA0A-0A4890C1493D}.Release|Any CPU.Build.0 = Release|Any CPU
	EndGlobalSection
	GlobalSection(SolutionProperties) = preSolution
		HideSolutionNode = FALSE
	EndGlobalSection
	GlobalSection(ExtensibilityGlobals) = postSolution
		SolutionGuid = {633C269E-3E49-4CB0-8958-52A24A6241AA}
	EndGlobalSection
EndGlobal
